{
  "version": "4",
  "specifiers": {
    "npm:yaml@^2.5.0": "2.5.0"
  },
  "npm": {
    "yaml@2.5.0": {
      "integrity": "sha512-2wWLbGbYDiSqqIKoPjar3MPgB94ErzCtrNE1FdqGuaO0pi2JGjmE8aW8TDZwzU7vuxcGRdL/4gPQwQ7hD5AMSw=="
    }
  },
  "workspace": {
    "packageJson": {
      "dependencies": [
        "npm:yaml@^2.5.0"
      ]
    }
  }
}
