# THIS IS AN AUTOGENERATED FILE. DO NOT EDIT THIS FILE DIRECTLY.
# yarn lockfile v1


node-fetch@^2.6.1:
  version "2.7.0"
  resolved "https://registry.yarnpkg.com/node-fetch/-/node-fetch-2.7.0.tgz#d0f0fa6e3e2dc1d27efcd8ad99d550bda94d187d"
  integrity sha512-c4FRfUm/dbcWZ7U+1Wq0AwCyFL+3nt2bEw05wfxSz+DWpWsitgmSgYmy2dQdWyKC1694ELPqMs/YzUSNozLt8A==
  dependencies:
    whatwg-url "^5.0.0"

sync-fetch@^0.5.2:
  version "0.5.2"
  resolved "https://registry.yarnpkg.com/sync-fetch/-/sync-fetch-0.5.2.tgz#65e7ae1133219938dc92eb19aa21d5eb79ebadec"
  integrity sha512-6gBqqkHrYvkH65WI2bzrDwrIKmt3U10s4Exnz3dYuE5Ah62FIfNv/F63inrNhu2Nyh3GH5f42GKU3RrSJoaUyQ==
  dependencies:
    node-fetch "^2.6.1"

tr46@~0.0.3:
  version "0.0.3"
  resolved "https://registry.yarnpkg.com/tr46/-/tr46-0.0.3.tgz#8184fd347dac9cdc185992f3a6622e14b9d9ab6a"
  integrity sha512-N3WMsuqV66lT30CrXNbEjx4GEwlow3v6rr4mCcv6prnfwhS01rkgyFdjPNBYd9br7LpXV1+Emh01fHnq2Gdgrw==

webidl-conversions@^3.0.0:
  version "3.0.1"
  resolved "https://registry.yarnpkg.com/webidl-conversions/-/webidl-conversions-3.0.1.tgz#24534275e2a7bc6be7bc86611cc16ae0a5654871"
  integrity sha512-2JAn3z8AR6rjK8Sm8orRC0h/bcl/DqL7tRPdGZ4I1CjdF+EaMLmYxBHyXuKL849eucPFhvBoxMsflfOb8kxaeQ==

whatwg-url@^5.0.0:
  version "5.0.0"
  resolved "https://registry.yarnpkg.com/whatwg-url/-/whatwg-url-5.0.0.tgz#966454e8765462e37644d3626f6742ce8b70965d"
  integrity sha512-saE57nupxk6v3HY35+jzBwYa0rKSy0XR8JSxZPwgLr7ys0IBzhGviA1/TUGJLmSVqs8pb9AnvICXEuOHLprYTw==
  dependencies:
    tr46 "~0.0.3"
    webidl-conversions "^3.0.0"

yaml@^2.4.3:
  version "2.4.4"
  resolved "https://registry.yarnpkg.com/yaml/-/yaml-2.4.4.tgz#e463681ec48fe9567f1ce35cf1e3a25e14b7b7e7"
  integrity sha512-wle6DEiBMLgJAdEPZ+E8BPFauoWbwPujfuGJJFErxYiU4txXItppe8YqeFPAaWnW5CxduQ995X6b5e1NqrmxtA==
